// !$*UTF8*$!
{
	archiveVersion = 1;
	classes = {
	};
	objectVersion = 46;
	objects = {

/* Begin PBXBuildFile section */
		3FA4041F1C57DE82007DC4BE /* AppDelegate.swift in Sources */ = {isa = PBXBuildFile; fileRef = 3FA4041E1C57DE82007DC4BE /* AppDelegate.swift */; };
		3FA404211C57DE82007DC4BE /* ViewController.swift in Sources */ = {isa = PBXBuildFile; fileRef = 3FA404201C57DE82007DC4BE /* ViewController.swift */; };
		3FA404241C57DE82007DC4BE /* Main.storyboard in Resources */ = {isa = PBXBuildFile; fileRef = 3FA404221C57DE82007DC4BE /* Main.storyboard */; };
		3FA404261C57DE82007DC4BE /* Assets.xcassets in Resources */ = {isa = PBXBuildFile; fileRef = 3FA404251C57DE82007DC4BE /* Assets.xcassets */; };
		3FA404291C57DE82007DC4BE /* LaunchScreen.storyboard in Resources */ = {isa = PBXBuildFile; fileRef = 3FA404271C57DE82007DC4BE /* LaunchScreen.storyboard */; };
		3FA404341C57DE82007DC4BE /* College_Profile_BuilderTests.swift in Sources */ = {isa = PBXBuildFile; fileRef = 3FA404331C57DE82007DC4BE /* College_Profile_BuilderTests.swift */; };
		3FA4043F1C57DE82007DC4BE /* College_Profile_BuilderUITests.swift in Sources */ = {isa = PBXBuildFile; fileRef = 3FA4043E1C57DE82007DC4BE /* College_Profile_BuilderUITests.swift */; };
/* End PBXBuildFile section */

/* Begin PBXContainerItemProxy section */
		3FA404301C57DE82007DC4BE /* PBXContainerItemProxy */ = {
			isa = PBXContainerItemProxy;
			containerPortal = 3FA404131C57DE82007DC4BE /* Project object */;
			proxyType = 1;
			remoteGlobalIDString = 3FA4041A1C57DE82007DC4BE;
			remoteInfo = "College Profile Builder";
		};
		3FA4043B1C57DE82007DC4BE /* PBXContainerItemProxy */ = {
			isa = PBXContainerItemProxy;
			containerPortal = 3FA404131C57DE82007DC4BE /* Project object */;
			proxyType = 1;
			remoteGlobalIDString = 3FA4041A1C57DE82007DC4BE;
			remoteInfo = "College Profile Builder";
		};
/* End PBXContainerItemProxy section */

/* Begin PBXFileReference section */
		3FA4041B1C57DE82007DC4BE /* College Profile Builder.app */ = {isa = PBXFileReference; explicitFileType = wrapper.application; includeInIndex = 0; path = "College Profile Builder.app"; sourceTree = BUILT_PRODUCTS_DIR; };
		3FA4041E1C57DE82007DC4BE /* AppDelegate.swift */ = {isa = PBXFileReference; lastKnownFileType = sourcecode.swift; path = AppDelegate.swift; sourceTree = "<group>"; };
		3FA404201C57DE82007DC4BE /* ViewController.swift */ = {isa = PBXFileReference; lastKnownFileType = sourcecode.swift; path = ViewController.swift; sourceTree = "<group>"; };
		3FA404231C57DE82007DC4BE /* Base */ = {isa = PBXFileReference; lastKnownFileType = file.storyboard; name = Base; path = Base.lproj/Main.storyboard; sourceTree = "<group>"; };
		3FA404251C57DE82007DC4BE /* Assets.xcassets */ = {isa = PBXFileReference; lastKnownFileType = folder.assetcatalog; path = Assets.xcassets; sourceTree = "<group>"; };
		3FA404281C57DE82007DC4BE /* Base */ = {isa = PBXFileReference; lastKnownFileType = file.storyboard; name = Base; path = Base.lproj/LaunchScreen.storyboard; sourceTree = "<group>"; };
		3FA4042A1C57DE82007DC4BE /* Info.plist */ = {isa = PBXFileReference; lastKnownFileType = text.plist.xml; path = Info.plist; sourceTree = "<group>"; };
		3FA4042F1C57DE82007DC4BE /* College Profile BuilderTests.xctest */ = {isa = PBXFileReference; explicitFileType = wrapper.cfbundle; includeInIndex = 0; path = "College Profile BuilderTests.xctest"; sourceTree = BUILT_PRODUCTS_DIR; };
		3FA404331C57DE82007DC4BE /* College_Profile_BuilderTests.swift */ = {isa = PBXFileReference; lastKnownFileType = sourcecode.swift; path = College_Profile_BuilderTests.swift; sourceTree = "<group>"; };
		3FA404351C57DE82007DC4BE /* Info.plist */ = {isa = PBXFileReference; lastKnownFileType = text.plist.xml; path = Info.plist; sourceTree = "<group>"; };
		3FA4043A1C57DE82007DC4BE /* College Profile BuilderUITests.xctest */ = {isa = PBXFileReference; explicitFileType = wrapper.cfbundle; includeInIndex = 0; path = "College Profile BuilderUITests.xctest"; sourceTree = BUILT_PRODUCTS_DIR; };
		3FA4043E1C57DE82007DC4BE /* College_Profile_BuilderUITests.swift */ = {isa = PBXFileReference; lastKnownFileType = sourcecode.swift; path = College_Profile_BuilderUITests.swift; sourceTree = "<group>"; };
		3FA404401C57DE82007DC4BE /* Info.plist */ = {isa = PBXFileReference; lastKnownFileType = text.plist.xml; path = Info.plist; sourceTree = "<group>"; };
/* End PBXFileReference section */

/* Begin PBXFrameworksBuildPhase section */
		3FA404181C57DE82007DC4BE /* Frameworks */ = {
			isa = PBXFrameworksBuildPhase;
			buildActionMask = 2147483647;
			files = (
			);
			runOnlyForDeploymentPostprocessing = 0;
		};
		3FA4042C1C57DE82007DC4BE /* Frameworks */ = {
			isa = PBXFrameworksBuildPhase;
			buildActionMask = 2147483647;
			files = (
			);
			runOnlyForDeploymentPostprocessing = 0;
		};
		3FA404371C57DE82007DC4BE /* Frameworks */ = {
			isa = PBXFrameworksBuildPhase;
			buildActionMask = 2147483647;
			files = (
			);
			runOnlyForDeploymentPostprocessing = 0;
		};
/* End PBXFrameworksBuildPhase section */

/* Begin PBXGroup section */
		3FA404121C57DE82007DC4BE = {
			isa = PBXGroup;
			children = (
				3FA4041D1C57DE82007DC4BE /* College Profile Builder */,
				3FA404321C57DE82007DC4BE /* College Profile BuilderTests */,
				3FA4043D1C57DE82007DC4BE /* College Profile BuilderUITests */,
				3FA4041C1C57DE82007DC4BE /* Products */,
			);
			sourceTree = "<group>";
		};
		3FA4041C1C57DE82007DC4BE /* Products */ = {
			isa = PBXGroup;
			children = (
				3FA4041B1C57DE82007DC4BE /* College Profile Builder.app */,
				3FA4042F1C57DE82007DC4BE /* College Profile BuilderTests.xctest */,
				3FA4043A1C57DE82007DC4BE /* College Profile BuilderUITests.xctest */,
			);
			name = Products;
			sourceTree = "<group>";
		};
		3FA4041D1C57DE82007DC4BE /* College Profile Builder */ = {
			isa = PBXGroup;
			children = (
				3FA4041E1C57DE82007DC4BE /* AppDelegate.swift */,
				3FA404201C57DE82007DC4BE /* ViewController.swift */,
				3FA404221C57DE82007DC4BE /* Main.storyboard */,
				3FA404251C57DE82007DC4BE /* Assets.xcassets */,
				3FA404271C57DE82007DC4BE /* LaunchScreen.storyboard */,
				3FA4042A1C57DE82007DC4BE /* Info.plist */,
			);
			path = "College Profile Builder";
			sourceTree = "<group>";
		};
		3FA404321C57DE82007DC4BE /* College Profile BuilderTests */ = {
			isa = PBXGroup;
			children = (
				3FA404331C57DE82007DC4BE /* College_Profile_BuilderTests.swift */,
				3FA404351C57DE82007DC4BE /* Info.plist */,
			);
			path = "College Profile BuilderTests";
			sourceTree = "<group>";
		};
		3FA4043D1C57DE82007DC4BE /* College Profile BuilderUITests */ = {
			isa = PBXGroup;
			children = (
				3FA4043E1C57DE82007DC4BE /* College_Profile_BuilderUITests.swift */,
				3FA404401C57DE82007DC4BE /* Info.plist */,
			);
			path = "College Profile BuilderUITests";
			sourceTree = "<group>";
		};
/* End PBXGroup section */

/* Begin PBXNativeTarget section */
		3FA4041A1C57DE82007DC4BE /* College Profile Builder */ = {
			isa = PBXNativeTarget;
			buildConfigurationList = 3FA404431C57DE82007DC4BE /* Build configuration list for PBXNativeTarget "College Profile Builder" */;
			buildPhases = (
				3FA404171C57DE82007DC4BE /* Sources */,
				3FA404181C57DE82007DC4BE /* Frameworks */,
				3FA404191C57DE82007DC4BE /* Resources */,
			);
			buildRules = (
			);
			dependencies = (
			);
			name = "College Profile Builder";
			productName = "College Profile Builder";
			productReference = 3FA4041B1C57DE82007DC4BE /* College Profile Builder.app */;
			productType = "com.apple.product-type.application";
		};
		3FA4042E1C57DE82007DC4BE /* College Profile BuilderTests */ = {
			isa = PBXNativeTarget;
			buildConfigurationList = 3FA404461C57DE82007DC4BE /* Build configuration list for PBXNativeTarget "College Profile BuilderTests" */;
			buildPhases = (
				3FA4042B1C57DE82007DC4BE /* Sources */,
				3FA4042C1C57DE82007DC4BE /* Frameworks */,
				3FA4042D1C57DE82007DC4BE /* Resources */,
			);
			buildRules = (
			);
			dependencies = (
				3FA404311C57DE82007DC4BE /* PBXTargetDependency */,
			);
			name = "College Profile BuilderTests";
			productName = "College Profile BuilderTests";
			productReference = 3FA4042F1C57DE82007DC4BE /* College Profile BuilderTests.xctest */;
			productType = "com.apple.product-type.bundle.unit-test";
		};
		3FA404391C57DE82007DC4BE /* College Profile BuilderUITests */ = {
			isa = PBXNativeTarget;
			buildConfigurationList = 3FA404491C57DE82007DC4BE /* Build configuration list for PBXNativeTarget "College Profile BuilderUITests" */;
			buildPhases = (
				3FA404361C57DE82007DC4BE /* Sources */,
				3FA404371C57DE82007DC4BE /* Frameworks */,
				3FA404381C57DE82007DC4BE /* Resources */,
			);
			buildRules = (
			);
			dependencies = (
				3FA4043C1C57DE82007DC4BE /* PBXTargetDependency */,
			);
			name = "College Profile BuilderUITests";
			productName = "College Profile BuilderUITests";
			productReference = 3FA4043A1C57DE82007DC4BE /* College Profile BuilderUITests.xctest */;
			productType = "com.apple.product-type.bundle.ui-testing";
		};
/* End PBXNativeTarget section */

/* Begin PBXProject section */
		3FA404131C57DE82007DC4BE /* Project object */ = {
			isa = PBXProject;
			attributes = {
				LastSwiftUpdateCheck = 0720;
				LastUpgradeCheck = 0720;
				ORGANIZATIONNAME = plumovic;
				TargetAttributes = {
					3FA4041A1C57DE82007DC4BE = {
						CreatedOnToolsVersion = 7.2;
					};
					3FA4042E1C57DE82007DC4BE = {
						CreatedOnToolsVersion = 7.2;
						TestTargetID = 3FA4041A1C57DE82007DC4BE;
					};
					3FA404391C57DE82007DC4BE = {
						CreatedOnToolsVersion = 7.2;
						TestTargetID = 3FA4041A1C57DE82007DC4BE;
					};
				};
			};
			buildConfigurationList = 3FA404161C57DE82007DC4BE /* Build configuration list for PBXProject "College Profile Builder" */;
			compatibilityVersion = "Xcode 3.2";
			developmentRegion = English;
			hasScannedForEncodings = 0;
			knownRegions = (
				en,
				Base,
			);
			mainGroup = 3FA404121C57DE82007DC4BE;
			productRefGroup = 3FA4041C1C57DE82007DC4BE /* Products */;
			projectDirPath = "";
			projectRoot = "";
			targets = (
				3FA4041A1C57DE82007DC4BE /* College Profile Builder */,
				3FA4042E1C57DE82007DC4BE /* College Profile BuilderTests */,
				3FA404391C57DE82007DC4BE /* College Profile BuilderUITests */,
			);
		};
/* End PBXProject section */

/* Begin PBXResourcesBuildPhase section */
		3FA404191C57DE82007DC4BE /* Resources */ = {
			isa = PBXResourcesBuildPhase;
			buildActionMask = 2147483647;
			files = (
				3FA404291C57DE82007DC4BE /* LaunchScreen.storyboard in Resources */,
				3FA404261C57DE82007DC4BE /* Assets.xcassets in Resources */,
				3FA404241C57DE82007DC4BE /* Main.storyboard in Resources */,
			);
			runOnlyForDeploymentPostprocessing = 0;
		};
		3FA4042D1C57DE82007DC4BE /* Resources */ = {
			isa = PBXResourcesBuildPhase;
			buildActionMask = 2147483647;
			files = (
			);
			runOnlyForDeploymentPostprocessing = 0;
		};
		3FA404381C57DE82007DC4BE /* Resources */ = {
			isa = PBXResourcesBuildPhase;
			buildActionMask = 2147483647;
			files = (
			);
			runOnlyForDeploymentPostprocessing = 0;
		};
/* End PBXResourcesBuildPhase section */

/* Begin PBXSourcesBuildPhase section */
		3FA404171C57DE82007DC4BE /* Sources */ = {
			isa = PBXSourcesBuildPhase;
			buildActionMask = 2147483647;
			files = (
				3FA404211C57DE82007DC4BE /* ViewController.swift in Sources */,
				3FA4041F1C57DE82007DC4BE /* AppDelegate.swift in Sources */,
			);
			runOnlyForDeploymentPostprocessing = 0;
		};
		3FA4042B1C57DE82007DC4BE /* Sources */ = {
			isa = PBXSourcesBuildPhase;
			buildActionMask = 2147483647;
			files = (
				3FA404341C57DE82007DC4BE /* College_Profile_BuilderTests.swift in Sources */,
			);
			runOnlyForDeploymentPostprocessing = 0;
		};
		3FA404361C57DE82007DC4BE /* Sources */ = {
			isa = PBXSourcesBuildPhase;
			buildActionMask = 2147483647;
			files = (
				3FA4043F1C57DE82007DC4BE /* College_Profile_BuilderUITests.swift in Sources */,
			);
			runOnlyForDeploymentPostprocessing = 0;
		};
/* End PBXSourcesBuildPhase section */

/* Begin PBXTargetDependency section */
		3FA404311C57DE82007DC4BE /* PBXTargetDependency */ = {
			isa = PBXTargetDependency;
			target = 3FA4041A1C57DE82007DC4BE /* College Profile Builder */;
			targetProxy = 3FA404301C57DE82007DC4BE /* PBXContainerItemProxy */;
		};
		3FA4043C1C57DE82007DC4BE /* PBXTargetDependency */ = {
			isa = PBXTargetDependency;
			target = 3FA4041A1C57DE82007DC4BE /* College Profile Builder */;
			targetProxy = 3FA4043B1C57DE82007DC4BE /* PBXContainerItemProxy */;
		};
/* End PBXTargetDependency section */

/* Begin PBXVariantGroup section */
		3FA404221C57DE82007DC4BE /* Main.storyboard */ = {
			isa = PBXVariantGroup;
			children = (
				3FA404231C57DE82007DC4BE /* Base */,
			);
			name = Main.storyboard;
			sourceTree = "<group>";
		};
		3FA404271C57DE82007DC4BE /* LaunchScreen.storyboard */ = {
			isa = PBXVariantGroup;
			children = (
				3FA404281C57DE82007DC4BE /* Base */,
			);
			name = LaunchScreen.storyboard;
			sourceTree = "<group>";
		};
/* End PBXVariantGroup section */

/* Begin XCBuildConfiguration section */
		3FA404411C57DE82007DC4BE /* Debug */ = {
			isa = XCBuildConfiguration;
			buildSettings = {
				ALWAYS_SEARCH_USER_PATHS = NO;
				CLANG_CXX_LANGUAGE_STANDARD = "gnu++0x";
				CLANG_CXX_LIBRARY = "libc++";
				CLANG_ENABLE_MODULES = YES;
				CLANG_ENABLE_OBJC_ARC = YES;
				CLANG_WARN_BOOL_CONVERSION = YES;
				CLANG_WARN_CONSTANT_CONVERSION = YES;
				CLANG_WARN_DIRECT_OBJC_ISA_USAGE = YES_ERROR;
				CLANG_WARN_EMPTY_BODY = YES;
				CLANG_WARN_ENUM_CONVERSION = YES;
				CLANG_WARN_INT_CONVERSION = YES;
				CLANG_WARN_OBJC_ROOT_CLASS = YES_ERROR;
				CLANG_WARN_UNREACHABLE_CODE = YES;
				CLANG_WARN__DUPLICATE_METHOD_MATCH = YES;
				"CODE_SIGN_IDENTITY[sdk=iphoneos*]" = "iPhone Developer";
				COPY_PHASE_STRIP = NO;
				DEBUG_INFORMATION_FORMAT = dwarf;
				ENABLE_STRICT_OBJC_MSGSEND = YES;
				ENABLE_TESTABILITY = YES;
				GCC_C_LANGUAGE_STANDARD = gnu99;
				GCC_DYNAMIC_NO_PIC = NO;
				GCC_NO_COMMON_BLOCKS = YES;
				GCC_OPTIMIZATION_LEVEL = 0;
				GCC_PREPROCESSOR_DEFINITIONS = (
					"DEBUG=1",
					"$(inherited)",
				);
				GCC_WARN_64_TO_32_BIT_CONVERSION = YES;
				GCC_WARN_ABOUT_RETURN_TYPE = YES_ERROR;
				GCC_WARN_UNDECLARED_SELECTOR = YES;
				GCC_WARN_UNINITIALIZED_AUTOS = YES_AGGRESSIVE;
				GCC_WARN_UNUSED_FUNCTION = YES;
				GCC_WARN_UNUSED_VARIABLE = YES;
				IPHONEOS_DEPLOYMENT_TARGET = 9.2;
				MTL_ENABLE_DEBUG_INFO = YES;
				ONLY_ACTIVE_ARCH = YES;
				SDKROOT = iphoneos;
				SWIFT_OPTIMIZATION_LEVEL = "-Onone";
			};
			name = Debug;
		};
		3FA404421C57DE82007DC4BE /* Release */ = {
			isa = XCBuildConfiguration;
			buildSettings = {
				ALWAYS_SEARCH_USER_PATHS = NO;
				CLANG_CXX_LANGUAGE_STANDARD = "gnu++0x";
				CLANG_CXX_LIBRARY = "libc++";
				CLANG_ENABLE_MODULES = YES;
				CLANG_ENABLE_OBJC_ARC = YES;
				CLANG_WARN_BOOL_CONVERSION = YES;
				CLANG_WARN_CONSTANT_CONVERSION = YES;
				CLANG_WARN_DIRECT_OBJC_ISA_USAGE = YES_ERROR;
				CLANG_WARN_EMPTY_BODY = YES;
				CLANG_WARN_ENUM_CONVERSION = YES;
				CLANG_WARN_INT_CONVERSION = YES;
				CLANG_WARN_OBJC_ROOT_CLASS = YES_ERROR;
				CLANG_WARN_UNREACHABLE_CODE = YES;
				CLANG_WARN__DUPLICATE_METHOD_MATCH = YES;
				"CODE_SIGN_IDENTITY[sdk=iphoneos*]" = "iPhone Developer";
				COPY_PHASE_STRIP = NO;
				DEBUG_INFORMATION_FORMAT = "dwarf-with-dsym";
				ENABLE_NS_ASSERTIONS = NO;
				ENABLE_STRICT_OBJC_MSGSEND = YES;
				GCC_C_LANGUAGE_STANDARD = gnu99;
				GCC_NO_COMMON_BLOCKS = YES;
				GCC_WARN_64_TO_32_BIT_CONVERSION = YES;
				GCC_WARN_ABOUT_RETURN_TYPE = YES_ERROR;
				GCC_WARN_UNDECLARED_SELECTOR = YES;
				GCC_WARN_UNINITIALIZED_AUTOS = YES_AGGRESSIVE;
				GCC_WARN_UNUSED_FUNCTION = YES;
				GCC_WARN_UNUSED_VARIABLE = YES;
				IPHONEOS_DEPLOYMENT_TARGET = 9.2;
				MTL_ENABLE_DEBUG_INFO = NO;
				SDKROOT = iphoneos;
				VALIDATE_PRODUCT = YES;
			};
			name = Release;
		};
		3FA404441C57DE82007DC4BE /* Debug */ = {
			isa = XCBuildConfiguration;
			buildSettings = {
				ASSETCATALOG_COMPILER_APPICON_NAME = AppIcon;
				INFOPLIST_FILE = "College Profile Builder/Info.plist";
				LD_RUNPATH_SEARCH_PATHS = "$(inherited) @executable_path/Frameworks";
				PRODUCT_BUNDLE_IDENTIFIER = "Lumovic.College-Profile-Builder";
				PRODUCT_NAME = "$(TARGET_NAME)";
			};
			name = Debug;
		};
		3FA404451C57DE82007DC4BE /* Release */ = {
			isa = XCBuildConfiguration;
			buildSettings = {
				ASSETCATALOG_COMPILER_APPICON_NAME = AppIcon;
				INFOPLIST_FILE = "College Profile Builder/Info.plist";
				LD_RUNPATH_SEARCH_PATHS = "$(inherited) @executable_path/Frameworks";
				PRODUCT_BUNDLE_IDENTIFIER = "Lumovic.College-Profile-Builder";
				PRODUCT_NAME = "$(TARGET_NAME)";
			};
			name = Release;
		};
		3FA404471C57DE82007DC4BE /* Debug */ = {
			isa = XCBuildConfiguration;
			buildSettings = {
				BUNDLE_LOADER = "$(TEST_HOST)";
				INFOPLIST_FILE = "College Profile BuilderTests/Info.plist";
				LD_RUNPATH_SEARCH_PATHS = "$(inherited) @executable_path/Frameworks @loader_path/Frameworks";
				PRODUCT_BUNDLE_IDENTIFIER = "Lumovic.College-Profile-BuilderTests";
				PRODUCT_NAME = "$(TARGET_NAME)";
				TEST_HOST = "$(BUILT_PRODUCTS_DIR)/College Profile Builder.app/College Profile Builder";
			};
			name = Debug;
		};
		3FA404481C57DE82007DC4BE /* Release */ = {
			isa = XCBuildConfiguration;
			buildSettings = {
				BUNDLE_LOADER = "$(TEST_HOST)";
				INFOPLIST_FILE = "College Profile BuilderTests/Info.plist";
				LD_RUNPATH_SEARCH_PATHS = "$(inherited) @executable_path/Frameworks @loader_path/Frameworks";
				PRODUCT_BUNDLE_IDENTIFIER = "Lumovic.College-Profile-BuilderTests";
				PRODUCT_NAME = "$(TARGET_NAME)";
				TEST_HOST = "$(BUILT_PRODUCTS_DIR)/College Profile Builder.app/College Profile Builder";
			};
			name = Release;
		};
		3FA4044A1C57DE82007DC4BE /* Debug */ = {
			isa = XCBuildConfiguration;
			buildSettings = {
				INFOPLIST_FILE = "College Profile BuilderUITests/Info.plist";
				LD_RUNPATH_SEARCH_PATHS = "$(inherited) @executable_path/Frameworks @loader_path/Frameworks";
				PRODUCT_BUNDLE_IDENTIFIER = "Lumovic.College-Profile-BuilderUITests";
				PRODUCT_NAME = "$(TARGET_NAME)";
				TEST_TARGET_NAME = "College Profile Builder";
				USES_XCTRUNNER = YES;
			};
			name = Debug;
		};
		3FA4044B1C57DE82007DC4BE /* Release */ = {
			isa = XCBuildConfiguration;
			buildSettings = {
				INFOPLIST_FILE = "College Profile BuilderUITests/Info.plist";
				LD_RUNPATH_SEARCH_PATHS = "$(inherited) @executable_path/Frameworks @loader_path/Frameworks";
				PRODUCT_BUNDLE_IDENTIFIER = "Lumovic.College-Profile-BuilderUITests";
				PRODUCT_NAME = "$(TARGET_NAME)";
				TEST_TARGET_NAME = "College Profile Builder";
				USES_XCTRUNNER = YES;
			};
			name = Release;
		};
/* End XCBuildConfiguration section */

/* Begin XCConfigurationList section */
		3FA404161C57DE82007DC4BE /* Build configuration list for PBXProject "College Profile Builder" */ = {
			isa = XCConfigurationList;
			buildConfigurations = (
				3FA404411C57DE82007DC4BE /* Debug */,
				3FA404421C57DE82007DC4BE /* Release */,
			);
			defaultConfigurationIsVisible = 0;
			defaultConfigurationName = Release;
		};
		3FA404431C57DE82007DC4BE /* Build configuration list for PBXNativeTarget "College Profile Builder" */ = {
			isa = XCConfigurationList;
			buildConfigurations = (
				3FA404441C57DE82007DC4BE /* Debug */,
				3FA404451C57DE82007DC4BE /* Release */,
			);
			defaultConfigurationIsVisible = 0;
		};
		3FA404461C57DE82007DC4BE /* Build configuration list for PBXNativeTarget "College Profile BuilderTests" */ = {
			isa = XCConfigurationList;
			buildConfigurations = (
				3FA404471C57DE82007DC4BE /* Debug */,
				3FA404481C57DE82007DC4BE /* Release */,
			);
			defaultConfigurationIsVisible = 0;
		};
		3FA404491C57DE82007DC4BE /* Build configuration list for PBXNativeTarget "College Profile BuilderUITests" */ = {
			isa = XCConfigurationList;
			buildConfigurations = (
				3FA4044A1C57DE82007DC4BE /* Debug */,
				3FA4044B1C57DE82007DC4BE /* Release */,
			);
			defaultConfigurationIsVisible = 0;
		};
/* End XCConfigurationList section */
	};
	rootObject = 3FA404131C57DE82007DC4BE /* Project object */;
}
